// !$*UTF8*$!
{
	archiveVersion = 1;
	classes = {
	};
	objectVersion = 46;
	objects = {

/* Begin PBXBuildFile section */
		ED500E1D1CBE817500F85FF1 /* AppDelegate.swift in Sources */ = {isa = PBXBuildFile; fileRef = ED500E1C1CBE817500F85FF1 /* AppDelegate.swift */; };
		ED500E1F1CBE817500F85FF1 /* ViewController.swift in Sources */ = {isa = PBXBuildFile; fileRef = ED500E1E1CBE817500F85FF1 /* ViewController.swift */; };
		ED500E221CBE817500F85FF1 /* Main.storyboard in Resources */ = {isa = PBXBuildFile; fileRef = ED500E201CBE817500F85FF1 /* Main.storyboard */; };
		ED500E241CBE817500F85FF1 /* Assets.xcassets in Resources */ = {isa = PBXBuildFile; fileRef = ED500E231CBE817500F85FF1 /* Assets.xcassets */; };
		ED500E271CBE817500F85FF1 /* LaunchScreen.storyboard in Resources */ = {isa = PBXBuildFile; fileRef = ED500E251CBE817500F85FF1 /* LaunchScreen.storyboard */; };
		ED500E2F1CBE819300F85FF1 /* MyCustomCell.swift in Sources */ = {isa = PBXBuildFile; fileRef = ED500E2E1CBE819300F85FF1 /* MyCustomCell.swift */; };
		ED500E311CBE81A700F85FF1 /* UIMongolSingleLineLabel.swift in Sources */ = {isa = PBXBuildFile; fileRef = ED500E301CBE81A700F85FF1 /* UIMongolSingleLineLabel.swift */; };
/* End PBXBuildFile section */

/* Begin PBXFileReference section */
		ED500E191CBE817500F85FF1 /* SampleDynamicHeight.app */ = {isa = PBXFileReference; explicitFileType = wrapper.application; includeInIndex = 0; path = SampleDynamicHeight.app; sourceTree = BUILT_PRODUCTS_DIR; };
		ED500E1C1CBE817500F85FF1 /* AppDelegate.swift */ = {isa = PBXFileReference; lastKnownFileType = sourcecode.swift; path = AppDelegate.swift; sourceTree = "<group>"; };
		ED500E1E1CBE817500F85FF1 /* ViewController.swift */ = {isa = PBXFileReference; lastKnownFileType = sourcecode.swift; path = ViewController.swift; sourceTree = "<group>"; };
		ED500E211CBE817500F85FF1 /* Base */ = {isa = PBXFileReference; lastKnownFileType = file.storyboard; name = Base; path = Base.lproj/Main.storyboard; sourceTree = "<group>"; };
		ED500E231CBE817500F85FF1 /* Assets.xcassets */ = {isa = PBXFileReference; lastKnownFileType = folder.assetcatalog; path = Assets.xcassets; sourceTree = "<group>"; };
		ED500E261CBE817500F85FF1 /* Base */ = {isa = PBXFileReference; lastKnownFileType = file.storyboard; name = Base; path = Base.lproj/LaunchScreen.storyboard; sourceTree = "<group>"; };
		ED500E281CBE817500F85FF1 /* Info.plist */ = {isa = PBXFileReference; lastKnownFileType = text.plist.xml; path = Info.plist; sourceTree = "<group>"; };
		ED500E2E1CBE819300F85FF1 /* MyCustomCell.swift */ = {isa = PBXFileReference; fileEncoding = 4; lastKnownFileType = sourcecode.swift; path = MyCustomCell.swift; sourceTree = "<group>"; };
		ED500E301CBE81A700F85FF1 /* UIMongolSingleLineLabel.swift */ = {isa = PBXFileReference; fileEncoding = 4; lastKnownFileType = sourcecode.swift; path = UIMongolSingleLineLabel.swift; sourceTree = "<group>"; };
/* End PBXFileReference section */

/* Begin PBXFrameworksBuildPhase section */
		ED500E161CBE817500F85FF1 /* Frameworks */ = {
			isa = PBXFrameworksBuildPhase;
			buildActionMask = 2147483647;
			files = (
			);
			runOnlyForDeploymentPostprocessing = 0;
		};
/* End PBXFrameworksBuildPhase section */

/* Begin PBXGroup section */
		ED500E101CBE817500F85FF1 = {
			isa = PBXGroup;
			children = (
				ED500E1B1CBE817500F85FF1 /* SampleDynamicHeight */,
				ED500E1A1CBE817500F85FF1 /* Products */,
			);
			sourceTree = "<group>";
		};
		ED500E1A1CBE817500F85FF1 /* Products */ = {
			isa = PBXGroup;
			children = (
				ED500E191CBE817500F85FF1 /* SampleDynamicHeight.app */,
			);
			name = Products;
			sourceTree = "<group>";
		};
		ED500E1B1CBE817500F85FF1 /* SampleDynamicHeight */ = {
			isa = PBXGroup;
			children = (
				ED500E1C1CBE817500F85FF1 /* AppDelegate.swift */,
				ED500E1E1CBE817500F85FF1 /* ViewController.swift */,
				ED500E201CBE817500F85FF1 /* Main.storyboard */,
				ED500E231CBE817500F85FF1 /* Assets.xcassets */,
				ED500E251CBE817500F85FF1 /* LaunchScreen.storyboard */,
				ED500E281CBE817500F85FF1 /* Info.plist */,
				ED500E2E1CBE819300F85FF1 /* MyCustomCell.swift */,
				ED500E301CBE81A700F85FF1 /* UIMongolSingleLineLabel.swift */,
			);
			path = SampleDynamicHeight;
			sourceTree = "<group>";
		};
/* End PBXGroup section */

/* Begin PBXNativeTarget section */
		ED500E181CBE817500F85FF1 /* SampleDynamicHeight */ = {
			isa = PBXNativeTarget;
			buildConfigurationList = ED500E2B1CBE817500F85FF1 /* Build configuration list for PBXNativeTarget "SampleDynamicHeight" */;
			buildPhases = (
				ED500E151CBE817500F85FF1 /* Sources */,
				ED500E161CBE817500F85FF1 /* Frameworks */,
				ED500E171CBE817500F85FF1 /* Resources */,
			);
			buildRules = (
			);
			dependencies = (
			);
			name = SampleDynamicHeight;
			productName = SampleDynamicHeight;
			productReference = ED500E191CBE817500F85FF1 /* SampleDynamicHeight.app */;
			productType = "com.apple.product-type.application";
		};
/* End PBXNativeTarget section */

/* Begin PBXProject section */
		ED500E111CBE817500F85FF1 /* Project object */ = {
			isa = PBXProject;
			attributes = {
				LastSwiftUpdateCheck = 0720;
				LastUpgradeCheck = 0720;
				ORGANIZATIONNAME = "Tarun Seera";
				TargetAttributes = {
					ED500E181CBE817500F85FF1 = {
						CreatedOnToolsVersion = 7.2.1;
					};
				};
			};
			buildConfigurationList = ED500E141CBE817500F85FF1 /* Build configuration list for PBXProject "SampleDynamicHeight" */;
			compatibilityVersion = "Xcode 3.2";
			developmentRegion = English;
			hasScannedForEncodings = 0;
			knownRegions = (
				en,
				Base,
			);
			mainGroup = ED500E101CBE817500F85FF1;
			productRefGroup = ED500E1A1CBE817500F85FF1 /* Products */;
			projectDirPath = "";
			projectRoot = "";
			targets = (
				ED500E181CBE817500F85FF1 /* SampleDynamicHeight */,
			);
		};
/* End PBXProject section */

/* Begin PBXResourcesBuildPhase section */
		ED500E171CBE817500F85FF1 /* Resources */ = {
			isa = PBXResourcesBuildPhase;
			buildActionMask = 2147483647;
			files = (
				ED500E271CBE817500F85FF1 /* LaunchScreen.storyboard in Resources */,
				ED500E241CBE817500F85FF1 /* Assets.xcassets in Resources */,
				ED500E221CBE817500F85FF1 /* Main.storyboard in Resources */,
			);
			runOnlyForDeploymentPostprocessing = 0;
		};
/* End PBXResourcesBuildPhase section */

/* Begin PBXSourcesBuildPhase section */
		ED500E151CBE817500F85FF1 /* Sources */ = {
			isa = PBXSourcesBuildPhase;
			buildActionMask = 2147483647;
			files = (
				ED500E311CBE81A700F85FF1 /* UIMongolSingleLineLabel.swift in Sources */,
				ED500E2F1CBE819300F85FF1 /* MyCustomCell.swift in Sources */,
				ED500E1F1CBE817500F85FF1 /* ViewController.swift in Sources */,
				ED500E1D1CBE817500F85FF1 /* AppDelegate.swift in Sources */,
			);
			runOnlyForDeploymentPostprocessing = 0;
		};
/* End PBXSourcesBuildPhase section */

/* Begin PBXVariantGroup section */
		ED500E201CBE817500F85FF1 /* Main.storyboard */ = {
			isa = PBXVariantGroup;
			children = (
				ED500E211CBE817500F85FF1 /* Base */,
			);
			name = Main.storyboard;
			sourceTree = "<group>";
		};
		ED500E251CBE817500F85FF1 /* LaunchScreen.storyboard */ = {
			isa = PBXVariantGroup;
			children = (
				ED500E261CBE817500F85FF1 /* Base */,
			);
			name = LaunchScreen.storyboard;
			sourceTree = "<group>";
		};
/* End PBXVariantGroup section */

/* Begin XCBuildConfiguration section */
		ED500E291CBE817500F85FF1 /* Debug */ = {
			isa = XCBuildConfiguration;
			buildSettings = {
				ALWAYS_SEARCH_USER_PATHS = NO;
				CLANG_CXX_LANGUAGE_STANDARD = "gnu++0x";
				CLANG_CXX_LIBRARY = "libc++";
				CLANG_ENABLE_MODULES = YES;
				CLANG_ENABLE_OBJC_ARC = YES;
				CLANG_WARN_BOOL_CONVERSION = YES;
				CLANG_WARN_CONSTANT_CONVERSION = YES;
				CLANG_WARN_DIRECT_OBJC_ISA_USAGE = YES_ERROR;
				CLANG_WARN_EMPTY_BODY = YES;
				CLANG_WARN_ENUM_CONVERSION = YES;
				CLANG_WARN_INT_CONVERSION = YES;
				CLANG_WARN_OBJC_ROOT_CLASS = YES_ERROR;
				CLANG_WARN_UNREACHABLE_CODE = YES;
				CLANG_WARN__DUPLICATE_METHOD_MATCH = YES;
				"CODE_SIGN_IDENTITY[sdk=iphoneos*]" = "iPhone Developer";
				COPY_PHASE_STRIP = NO;
				DEBUG_INFORMATION_FORMAT = dwarf;
				ENABLE_STRICT_OBJC_MSGSEND = YES;
				ENABLE_TESTABILITY = YES;
				GCC_C_LANGUAGE_STANDARD = gnu99;
				GCC_DYNAMIC_NO_PIC = NO;
				GCC_NO_COMMON_BLOCKS = YES;
				GCC_OPTIMIZATION_LEVEL = 0;
				GCC_PREPROCESSOR_DEFINITIONS = (
					"DEBUG=1",
					"$(inherited)",
				);
				GCC_WARN_64_TO_32_BIT_CONVERSION = YES;
				GCC_WARN_ABOUT_RETURN_TYPE = YES_ERROR;
				GCC_WARN_UNDECLARED_SELECTOR = YES;
				GCC_WARN_UNINITIALIZED_AUTOS = YES_AGGRESSIVE;
				GCC_WARN_UNUSED_FUNCTION = YES;
				GCC_WARN_UNUSED_VARIABLE = YES;
				IPHONEOS_DEPLOYMENT_TARGET = 9.2;
				MTL_ENABLE_DEBUG_INFO = YES;
				ONLY_ACTIVE_ARCH = YES;
				SDKROOT = iphoneos;
				SWIFT_OPTIMIZATION_LEVEL = "-Onone";
				TARGETED_DEVICE_FAMILY = "1,2";
			};
			name = Debug;
		};
		ED500E2A1CBE817500F85FF1 /* Release */ = {
			isa = XCBuildConfiguration;
			buildSettings = {
				ALWAYS_SEARCH_USER_PATHS = NO;
				CLANG_CXX_LANGUAGE_STANDARD = "gnu++0x";
				CLANG_CXX_LIBRARY = "libc++";
				CLANG_ENABLE_MODULES = YES;
				CLANG_ENABLE_OBJC_ARC = YES;
				CLANG_WARN_BOOL_CONVERSION = YES;
				CLANG_WARN_CONSTANT_CONVERSION = YES;
				CLANG_WARN_DIRECT_OBJC_ISA_USAGE = YES_ERROR;
				CLANG_WARN_EMPTY_BODY = YES;
				CLANG_WARN_ENUM_CONVERSION = YES;
				CLANG_WARN_INT_CONVERSION = YES;
				CLANG_WARN_OBJC_ROOT_CLASS = YES_ERROR;
				CLANG_WARN_UNREACHABLE_CODE = YES;
				CLANG_WARN__DUPLICATE_METHOD_MATCH = YES;
				"CODE_SIGN_IDENTITY[sdk=iphoneos*]" = "iPhone Developer";
				COPY_PHASE_STRIP = NO;
				DEBUG_INFORMATION_FORMAT = "dwarf-with-dsym";
				ENABLE_NS_ASSERTIONS = NO;
				ENABLE_STRICT_OBJC_MSGSEND = YES;
				GCC_C_LANGUAGE_STANDARD = gnu99;
				GCC_NO_COMMON_BLOCKS = YES;
				GCC_WARN_64_TO_32_BIT_CONVERSION = YES;
				GCC_WARN_ABOUT_RETURN_TYPE = YES_ERROR;
				GCC_WARN_UNDECLARED_SELECTOR = YES;
				GCC_WARN_UNINITIALIZED_AUTOS = YES_AGGRESSIVE;
				GCC_WARN_UNUSED_FUNCTION = YES;
				GCC_WARN_UNUSED_VARIABLE = YES;
				IPHONEOS_DEPLOYMENT_TARGET = 9.2;
				MTL_ENABLE_DEBUG_INFO = NO;
				SDKROOT = iphoneos;
				TARGETED_DEVICE_FAMILY = "1,2";
				VALIDATE_PRODUCT = YES;
			};
			name = Release;
		};
		ED500E2C1CBE817500F85FF1 /* Debug */ = {
			isa = XCBuildConfiguration;
			buildSettings = {
				ASSETCATALOG_COMPILER_APPICON_NAME = AppIcon;
				INFOPLIST_FILE = SampleDynamicHeight/Info.plist;
				LD_RUNPATH_SEARCH_PATHS = "$(inherited) @executable_path/Frameworks";
				PRODUCT_BUNDLE_IDENTIFIER = tarun.seera.SampleDynamicHeight;
				PRODUCT_NAME = "$(TARGET_NAME)";
			};
			name = Debug;
		};
		ED500E2D1CBE817500F85FF1 /* Release */ = {
			isa = XCBuildConfiguration;
			buildSettings = {
				ASSETCATALOG_COMPILER_APPICON_NAME = AppIcon;
				INFOPLIST_FILE = SampleDynamicHeight/Info.plist;
				LD_RUNPATH_SEARCH_PATHS = "$(inherited) @executable_path/Frameworks";
				PRODUCT_BUNDLE_IDENTIFIER = tarun.seera.SampleDynamicHeight;
				PRODUCT_NAME = "$(TARGET_NAME)";
			};
			name = Release;
		};
/* End XCBuildConfiguration section */

/* Begin XCConfigurationList section */
		ED500E141CBE817500F85FF1 /* Build configuration list for PBXProject "SampleDynamicHeight" */ = {
			isa = XCConfigurationList;
			buildConfigurations = (
				ED500E291CBE817500F85FF1 /* Debug */,
				ED500E2A1CBE817500F85FF1 /* Release */,
			);
			defaultConfigurationIsVisible = 0;
			defaultConfigurationName = Release;
		};
		ED500E2B1CBE817500F85FF1 /* Build configuration list for PBXNativeTarget "SampleDynamicHeight" */ = {
			isa = XCConfigurationList;
			buildConfigurations = (
				ED500E2C1CBE817500F85FF1 /* Debug */,
				ED500E2D1CBE817500F85FF1 /* Release */,
			);
			defaultConfigurationIsVisible = 0;
		};
/* End XCConfigurationList section */
	};
	rootObject = ED500E111CBE817500F85FF1 /* Project object */;
}
